
Microsoft Visual Studio Solution File, Format Version 12.00
# Visual Studio Version 17
VisualStudioVersion = 17.4.33122.133
MinimumVisualStudioVersion = 10.0.40219.1
Project("{FAE04EC0-301F-11D3-BF4B-00C04F79EFBC}") = "Laba 3 Pochinen", "Laba 3 Pochinen.csproj", "{B64EBE1F-87A8-49B6-A3E7-3B659651CA8B}"
EndProject
Global
	GlobalSection(SolutionConfigurationPlatforms) = preSolution
		Debug|Any CPU = Debug|Any CPU
		Release|Any CPU = Release|Any CPU
	EndGlobalSection
	GlobalSection(ProjectConfigurationPlatforms) = postSolution
		{B64EBE1F-87A8-49B6-A3E7-3B659651CA8B}.Debug|Any CPU.ActiveCfg = Debug|Any CPU
		{B64EBE1F-87A8-49B6-A3E7-3B659651CA8B}.Debug|Any CPU.Build.0 = Debug|Any CPU
		{B64EBE1F-87A8-49B6-A3E7-3B659651CA8B}.Release|Any CPU.ActiveCfg = Release|Any CPU
		{B64EBE1F-87A8-49B6-A3E7-3B659651CA8B}.Release|Any CPU.Build.0 = Release|Any CPU
	EndGlobalSection
	GlobalSection(SolutionProperties) = preSolution
		HideSolutionNode = FALSE
	EndGlobalSection
	GlobalSection(ExtensibilityGlobals) = postSolution
		SolutionGuid = {7DA2633B-6697-45A7-8426-A2BE15DD927E}
	EndGlobalSection
EndGlobal
